
Microsoft Visual Studio Solution File, Format Version 12.00
# Visual Studio 15
VisualStudioVersion = 15.0.27130.2010
MinimumVisualStudioVersion = 10.0.40219.1
Project("{FAE04EC0-301F-11D3-BF4B-00C04F79EFBC}") = "DessaVezVai.Android", "DessaVezVai\DessaVezVai.Android\DessaVezVai.Android.csproj", "{A1180426-04F4-484C-AC3D-276ADC986CEC}"
EndProject
Project("{FAE04EC0-301F-11D3-BF4B-00C04F79EFBC}") = "DessaVezVai.iOS", "DessaVezVai\DessaVezVai.iOS\DessaVezVai.iOS.csproj", "{AA98C5AD-6E54-4F8C-8E67-14DA6039659B}"
EndProject
Project("{FAE04EC0-301F-11D3-BF4B-00C04F79EFBC}") = "DessaVezVai.UWP", "DessaVezVai\DessaVezVai.UWP\DessaVezVai.UWP.csproj", "{7B7CDE97-9AFA-4D66-8BE5-34890C3C1461}"
EndProject
Project("{D954291E-2A0B-460D-934E-DC6B0785DB48}") = "DessaVezVai", "DessaVezVai\DessaVezVai\DessaVezVai.shproj", "{BF9B9D41-4700-45B1-B7DB-008037968A18}"
EndProject
Global
	GlobalSection(SharedMSBuildProjectFiles) = preSolution
		DessaVezVai\DessaVezVai\DessaVezVai.projitems*{7b7cde97-9afa-4d66-8be5-34890c3c1461}*SharedItemsImports = 4
		DessaVezVai\DessaVezVai\DessaVezVai.projitems*{a1180426-04f4-484c-ac3d-276adc986cec}*SharedItemsImports = 4
		DessaVezVai\DessaVezVai\DessaVezVai.projitems*{aa98c5ad-6e54-4f8c-8e67-14da6039659b}*SharedItemsImports = 4
		DessaVezVai\DessaVezVai\DessaVezVai.projitems*{bf9b9d41-4700-45b1-b7db-008037968a18}*SharedItemsImports = 13
	EndGlobalSection
	GlobalSection(SolutionConfigurationPlatforms) = preSolution
		Ad-Hoc|Any CPU = Ad-Hoc|Any CPU
		Ad-Hoc|ARM = Ad-Hoc|ARM
		Ad-Hoc|iPhone = Ad-Hoc|iPhone
		Ad-Hoc|iPhoneSimulator = Ad-Hoc|iPhoneSimulator
		Ad-Hoc|x64 = Ad-Hoc|x64
		Ad-Hoc|x86 = Ad-Hoc|x86
		AppStore|Any CPU = AppStore|Any CPU
		AppStore|ARM = AppStore|ARM
		AppStore|iPhone = AppStore|iPhone
		AppStore|iPhoneSimulator = AppStore|iPhoneSimulator
		AppStore|x64 = AppStore|x64
		AppStore|x86 = AppStore|x86
		Debug|Any CPU = Debug|Any CPU
		Debug|ARM = Debug|ARM
		Debug|iPhone = Debug|iPhone
		Debug|iPhoneSimulator = Debug|iPhoneSimulator
		Debug|x64 = Debug|x64
		Debug|x86 = Debug|x86
		Release|Any CPU = Release|Any CPU
		Release|ARM = Release|ARM
		Release|iPhone = Release|iPhone
		Release|iPhoneSimulator = Release|iPhoneSimulator
		Release|x64 = Release|x64
		Release|x86 = Release|x86
	EndGlobalSection
	GlobalSection(ProjectConfigurationPlatforms) = postSolution
		{A1180426-04F4-484C-AC3D-276ADC986CEC}.Ad-Hoc|Any CPU.ActiveCfg = Release|Any CPU
		{A1180426-04F4-484C-AC3D-276ADC986CEC}.Ad-Hoc|Any CPU.Build.0 = Release|Any CPU
		{A1180426-04F4-484C-AC3D-276ADC986CEC}.Ad-Hoc|Any CPU.Deploy.0 = Release|Any CPU
		{A1180426-04F4-484C-AC3D-276ADC986CEC}.Ad-Hoc|ARM.ActiveCfg = Release|Any CPU
		{A1180426-04F4-484C-AC3D-276ADC986CEC}.Ad-Hoc|ARM.Build.0 = Release|Any CPU
		{A1180426-04F4-484C-AC3D-276ADC986CEC}.Ad-Hoc|ARM.Deploy.0 = Release|Any CPU
		{A1180426-04F4-484C-AC3D-276ADC986CEC}.Ad-Hoc|iPhone.ActiveCfg = Release|Any CPU
		{A1180426-04F4-484C-AC3D-276ADC986CEC}.Ad-Hoc|iPhone.Build.0 = Release|Any CPU
		{A1180426-04F4-484C-AC3D-276ADC986CEC}.Ad-Hoc|iPhone.Deploy.0 = Release|Any CPU
		{A1180426-04F4-484C-AC3D-276ADC986CEC}.Ad-Hoc|iPhoneSimulator.ActiveCfg = Release|Any CPU
		{A1180426-04F4-484C-AC3D-276ADC986CEC}.Ad-Hoc|iPhoneSimulator.Build.0 = Release|Any CPU
		{A1180426-04F4-484C-AC3D-276ADC986CEC}.Ad-Hoc|iPhoneSimulator.Deploy.0 = Release|Any CPU
		{A1180426-04F4-484C-AC3D-276ADC986CEC}.Ad-Hoc|x64.ActiveCfg = Release|Any CPU
		{A1180426-04F4-484C-AC3D-276ADC986CEC}.Ad-Hoc|x64.Build.0 = Release|Any CPU
		{A1180426-04F4-484C-AC3D-276ADC986CEC}.Ad-Hoc|x64.Deploy.0 = Release|Any CPU
		{A1180426-04F4-484C-AC3D-276ADC986CEC}.Ad-Hoc|x86.ActiveCfg = Release|Any CPU
		{A1180426-04F4-484C-AC3D-276ADC986CEC}.Ad-Hoc|x86.Build.0 = Release|Any CPU
		{A1180426-04F4-484C-AC3D-276ADC986CEC}.Ad-Hoc|x86.Deploy.0 = Release|Any CPU
		{A1180426-04F4-484C-AC3D-276ADC986CEC}.AppStore|Any CPU.ActiveCfg = Release|Any CPU
		{A1180426-04F4-484C-AC3D-276ADC986CEC}.AppStore|Any CPU.Build.0 = Release|Any CPU
		{A1180426-04F4-484C-AC3D-276ADC986CEC}.AppStore|Any CPU.Deploy.0 = Release|Any CPU
		{A1180426-04F4-484C-AC3D-276ADC986CEC}.AppStore|ARM.ActiveCfg = Release|Any CPU
		{A1180426-04F4-484C-AC3D-276ADC986CEC}.AppStore|ARM.Build.0 = Release|Any CPU
		{A1180426-04F4-484C-AC3D-276ADC986CEC}.AppStore|ARM.Deploy.0 = Release|Any CPU
		{A1180426-04F4-484C-AC3D-276ADC986CEC}.AppStore|iPhone.ActiveCfg = Release|Any CPU
		{A1180426-04F4-484C-AC3D-276ADC986CEC}.AppStore|iPhone.Build.0 = Release|Any CPU
		{A1180426-04F4-484C-AC3D-276ADC986CEC}.AppStore|iPhone.Deploy.0 = Release|Any CPU
		{A1180426-04F4-484C-AC3D-276ADC986CEC}.AppStore|iPhoneSimulator.ActiveCfg = Release|Any CPU
		{A1180426-04F4-484C-AC3D-276ADC986CEC}.AppStore|iPhoneSimulator.Build.0 = Release|Any CPU
		{A1180426-04F4-484C-AC3D-276ADC986CEC}.AppStore|iPhoneSimulator.Deploy.0 = Release|Any CPU
		{A1180426-04F4-484C-AC3D-276ADC986CEC}.AppStore|x64.ActiveCfg = Release|Any CPU
		{A1180426-04F4-484C-AC3D-276ADC986CEC}.AppStore|x64.Build.0 = Release|Any CPU
		{A1180426-04F4-484C-AC3D-276ADC986CEC}.AppStore|x64.Deploy.0 = Release|Any CPU
		{A1180426-04F4-484C-AC3D-276ADC986CEC}.AppStore|x86.ActiveCfg = Release|Any CPU
		{A1180426-04F4-484C-AC3D-276ADC986CEC}.AppStore|x86.Build.0 = Release|Any CPU
		{A1180426-04F4-484C-AC3D-276ADC986CEC}.AppStore|x86.Deploy.0 = Release|Any CPU
		{A1180426-04F4-484C-AC3D-276ADC986CEC}.Debug|Any CPU.ActiveCfg = Debug|Any CPU
		{A1180426-04F4-484C-AC3D-276ADC986CEC}.Debug|Any CPU.Build.0 = Debug|Any CPU
		{A1180426-04F4-484C-AC3D-276ADC986CEC}.Debug|Any CPU.Deploy.0 = Debug|Any CPU
		{A1180426-04F4-484C-AC3D-276ADC986CEC}.Debug|ARM.ActiveCfg = Debug|Any CPU
		{A1180426-04F4-484C-AC3D-276ADC986CEC}.Debug|ARM.Build.0 = Debug|Any CPU
		{A1180426-04F4-484C-AC3D-276ADC986CEC}.Debug|ARM.Deploy.0 = Debug|Any CPU
		{A1180426-04F4-484C-AC3D-276ADC986CEC}.Debug|iPhone.ActiveCfg = Debug|Any CPU
		{A1180426-04F4-484C-AC3D-276ADC986CEC}.Debug|iPhone.Build.0 = Debug|Any CPU
		{A1180426-04F4-484C-AC3D-276ADC986CEC}.Debug|iPhone.Deploy.0 = Debug|Any CPU
		{A1180426-04F4-484C-AC3D-276ADC986CEC}.Debug|iPhoneSimulator.ActiveCfg = Debug|Any CPU
		{A1180426-04F4-484C-AC3D-276ADC986CEC}.Debug|iPhoneSimulator.Build.0 = Debug|Any CPU
		{A1180426-04F4-484C-AC3D-276ADC986CEC}.Debug|iPhoneSimulator.Deploy.0 = Debug|Any CPU
		{A1180426-04F4-484C-AC3D-276ADC986CEC}.Debug|x64.ActiveCfg = Debug|Any CPU
		{A1180426-04F4-484C-AC3D-276ADC986CEC}.Debug|x64.Build.0 = Debug|Any CPU
		{A1180426-04F4-484C-AC3D-276ADC986CEC}.Debug|x64.Deploy.0 = Debug|Any CPU
		{A1180426-04F4-484C-AC3D-276ADC986CEC}.Debug|x86.ActiveCfg = Debug|Any CPU
		{A1180426-04F4-484C-AC3D-276ADC986CEC}.Debug|x86.Build.0 = Debug|Any CPU
		{A1180426-04F4-484C-AC3D-276ADC986CEC}.Debug|x86.Deploy.0 = Debug|Any CPU
		{A1180426-04F4-484C-AC3D-276ADC986CEC}.Release|Any CPU.ActiveCfg = Release|Any CPU
		{A1180426-04F4-484C-AC3D-276ADC986CEC}.Release|Any CPU.Build.0 = Release|Any CPU
		{A1180426-04F4-484C-AC3D-276ADC986CEC}.Release|Any CPU.Deploy.0 = Release|Any CPU
		{A1180426-04F4-484C-AC3D-276ADC986CEC}.Release|ARM.ActiveCfg = Release|Any CPU
		{A1180426-04F4-484C-AC3D-276ADC986CEC}.Release|ARM.Build.0 = Release|Any CPU
		{A1180426-04F4-484C-AC3D-276ADC986CEC}.Release|ARM.Deploy.0 = Release|Any CPU
		{A1180426-04F4-484C-AC3D-276ADC986CEC}.Release|iPhone.ActiveCfg = Release|Any CPU
		{A1180426-04F4-484C-AC3D-276ADC986CEC}.Release|iPhone.Build.0 = Release|Any CPU
		{A1180426-04F4-484C-AC3D-276ADC986CEC}.Release|iPhone.Deploy.0 = Release|Any CPU
		{A1180426-04F4-484C-AC3D-276ADC986CEC}.Release|iPhoneSimulator.ActiveCfg = Release|Any CPU
		{A1180426-04F4-484C-AC3D-276ADC986CEC}.Release|iPhoneSimulator.Build.0 = Release|Any CPU
		{A1180426-04F4-484C-AC3D-276ADC986CEC}.Release|iPhoneSimulator.Deploy.0 = Release|Any CPU
		{A1180426-04F4-484C-AC3D-276ADC986CEC}.Release|x64.ActiveCfg = Release|Any CPU
		{A1180426-04F4-484C-AC3D-276ADC986CEC}.Release|x64.Build.0 = Release|Any CPU
		{A1180426-04F4-484C-AC3D-276ADC986CEC}.Release|x64.Deploy.0 = Release|Any CPU
		{A1180426-04F4-484C-AC3D-276ADC986CEC}.Release|x86.ActiveCfg = Release|Any CPU
		{A1180426-04F4-484C-AC3D-276ADC986CEC}.Release|x86.Build.0 = Release|Any CPU
		{A1180426-04F4-484C-AC3D-276ADC986CEC}.Release|x86.Deploy.0 = Release|Any CPU
		{AA98C5AD-6E54-4F8C-8E67-14DA6039659B}.Ad-Hoc|Any CPU.ActiveCfg = Ad-Hoc|iPhone
		{AA98C5AD-6E54-4F8C-8E67-14DA6039659B}.Ad-Hoc|ARM.ActiveCfg = Ad-Hoc|iPhone
		{AA98C5AD-6E54-4F8C-8E67-14DA6039659B}.Ad-Hoc|iPhone.ActiveCfg = Ad-Hoc|iPhone
		{AA98C5AD-6E54-4F8C-8E67-14DA6039659B}.Ad-Hoc|iPhone.Build.0 = Ad-Hoc|iPhone
		{AA98C5AD-6E54-4F8C-8E67-14DA6039659B}.Ad-Hoc|iPhoneSimulator.ActiveCfg = Ad-Hoc|iPhoneSimulator
		{AA98C5AD-6E54-4F8C-8E67-14DA6039659B}.Ad-Hoc|iPhoneSimulator.Build.0 = Ad-Hoc|iPhoneSimulator
		{AA98C5AD-6E54-4F8C-8E67-14DA6039659B}.Ad-Hoc|x64.ActiveCfg = Ad-Hoc|iPhone
		{AA98C5AD-6E54-4F8C-8E67-14DA6039659B}.Ad-Hoc|x86.ActiveCfg = Ad-Hoc|iPhone
		{AA98C5AD-6E54-4F8C-8E67-14DA6039659B}.AppStore|Any CPU.ActiveCfg = AppStore|iPhone
		{AA98C5AD-6E54-4F8C-8E67-14DA6039659B}.AppStore|ARM.ActiveCfg = AppStore|iPhone
		{AA98C5AD-6E54-4F8C-8E67-14DA6039659B}.AppStore|iPhone.ActiveCfg = AppStore|iPhone
		{AA98C5AD-6E54-4F8C-8E67-14DA6039659B}.AppStore|iPhone.Build.0 = AppStore|iPhone
		{AA98C5AD-6E54-4F8C-8E67-14DA6039659B}.AppStore|iPhoneSimulator.ActiveCfg = AppStore|iPhoneSimulator
		{AA98C5AD-6E54-4F8C-8E67-14DA6039659B}.AppStore|iPhoneSimulator.Build.0 = AppStore|iPhoneSimulator
		{AA98C5AD-6E54-4F8C-8E67-14DA6039659B}.AppStore|x64.ActiveCfg = AppStore|iPhone
		{AA98C5AD-6E54-4F8C-8E67-14DA6039659B}.AppStore|x86.ActiveCfg = AppStore|iPhone
		{AA98C5AD-6E54-4F8C-8E67-14DA6039659B}.Debug|Any CPU.ActiveCfg = Debug|iPhone
		{AA98C5AD-6E54-4F8C-8E67-14DA6039659B}.Debug|ARM.ActiveCfg = Debug|iPhone
		{AA98C5AD-6E54-4F8C-8E67-14DA6039659B}.Debug|iPhone.ActiveCfg = Debug|iPhone
		{AA98C5AD-6E54-4F8C-8E67-14DA6039659B}.Debug|iPhone.Build.0 = Debug|iPhone
		{AA98C5AD-6E54-4F8C-8E67-14DA6039659B}.Debug|iPhoneSimulator.ActiveCfg = Debug|iPhoneSimulator
		{AA98C5AD-6E54-4F8C-8E67-14DA6039659B}.Debug|iPhoneSimulator.Build.0 = Debug|iPhoneSimulator
		{AA98C5AD-6E54-4F8C-8E67-14DA6039659B}.Debug|x64.ActiveCfg = Debug|iPhone
		{AA98C5AD-6E54-4F8C-8E67-14DA6039659B}.Debug|x86.ActiveCfg = Debug|iPhone
		{AA98C5AD-6E54-4F8C-8E67-14DA6039659B}.Release|Any CPU.ActiveCfg = Release|iPhone
		{AA98C5AD-6E54-4F8C-8E67-14DA6039659B}.Release|ARM.ActiveCfg = Release|iPhone
		{AA98C5AD-6E54-4F8C-8E67-14DA6039659B}.Release|iPhone.ActiveCfg = Release|iPhone
		{AA98C5AD-6E54-4F8C-8E67-14DA6039659B}.Release|iPhone.Build.0 = Release|iPhone
		{AA98C5AD-6E54-4F8C-8E67-14DA6039659B}.Release|iPhoneSimulator.ActiveCfg = Release|iPhoneSimulator
		{AA98C5AD-6E54-4F8C-8E67-14DA6039659B}.Release|iPhoneSimulator.Build.0 = Release|iPhoneSimulator
		{AA98C5AD-6E54-4F8C-8E67-14DA6039659B}.Release|x64.ActiveCfg = Release|iPhone
		{AA98C5AD-6E54-4F8C-8E67-14DA6039659B}.Release|x86.ActiveCfg = Release|iPhone
		{7B7CDE97-9AFA-4D66-8BE5-34890C3C1461}.Ad-Hoc|Any CPU.ActiveCfg = Release|x86
		{7B7CDE97-9AFA-4D66-8BE5-34890C3C1461}.Ad-Hoc|Any CPU.Build.0 = Release|x86
		{7B7CDE97-9AFA-4D66-8BE5-34890C3C1461}.Ad-Hoc|Any CPU.Deploy.0 = Release|x86
		{7B7CDE97-9AFA-4D66-8BE5-34890C3C1461}.Ad-Hoc|ARM.ActiveCfg = Release|ARM
		{7B7CDE97-9AFA-4D66-8BE5-34890C3C1461}.Ad-Hoc|ARM.Build.0 = Release|ARM
		{7B7CDE97-9AFA-4D66-8BE5-34890C3C1461}.Ad-Hoc|ARM.Deploy.0 = Release|ARM
		{7B7CDE97-9AFA-4D66-8BE5-34890C3C1461}.Ad-Hoc|iPhone.ActiveCfg = Release|x86
		{7B7CDE97-9AFA-4D66-8BE5-34890C3C1461}.Ad-Hoc|iPhone.Build.0 = Release|x86
		{7B7CDE97-9AFA-4D66-8BE5-34890C3C1461}.Ad-Hoc|iPhone.Deploy.0 = Release|x86
		{7B7CDE97-9AFA-4D66-8BE5-34890C3C1461}.Ad-Hoc|iPhoneSimulator.ActiveCfg = Release|x86
		{7B7CDE97-9AFA-4D66-8BE5-34890C3C1461}.Ad-Hoc|iPhoneSimulator.Build.0 = Release|x86
		{7B7CDE97-9AFA-4D66-8BE5-34890C3C1461}.Ad-Hoc|iPhoneSimulator.Deploy.0 = Release|x86
		{7B7CDE97-9AFA-4D66-8BE5-34890C3C1461}.Ad-Hoc|x64.ActiveCfg = Release|x64
		{7B7CDE97-9AFA-4D66-8BE5-34890C3C1461}.Ad-Hoc|x64.Build.0 = Release|x64
		{7B7CDE97-9AFA-4D66-8BE5-34890C3C1461}.Ad-Hoc|x64.Deploy.0 = Release|x64
		{7B7CDE97-9AFA-4D66-8BE5-34890C3C1461}.Ad-Hoc|x86.ActiveCfg = Release|x86
		{7B7CDE97-9AFA-4D66-8BE5-34890C3C1461}.Ad-Hoc|x86.Build.0 = Release|x86
		{7B7CDE97-9AFA-4D66-8BE5-34890C3C1461}.Ad-Hoc|x86.Deploy.0 = Release|x86
		{7B7CDE97-9AFA-4D66-8BE5-34890C3C1461}.AppStore|Any CPU.ActiveCfg = Release|x86
		{7B7CDE97-9AFA-4D66-8BE5-34890C3C1461}.AppStore|Any CPU.Build.0 = Release|x86
		{7B7CDE97-9AFA-4D66-8BE5-34890C3C1461}.AppStore|Any CPU.Deploy.0 = Release|x86
		{7B7CDE97-9AFA-4D66-8BE5-34890C3C1461}.AppStore|ARM.ActiveCfg = Release|ARM
		{7B7CDE97-9AFA-4D66-8BE5-34890C3C1461}.AppStore|ARM.Build.0 = Release|ARM
		{7B7CDE97-9AFA-4D66-8BE5-34890C3C1461}.AppStore|ARM.Deploy.0 = Release|ARM
		{7B7CDE97-9AFA-4D66-8BE5-34890C3C1461}.AppStore|iPhone.ActiveCfg = Release|x86
		{7B7CDE97-9AFA-4D66-8BE5-34890C3C1461}.AppStore|iPhone.Build.0 = Release|x86
		{7B7CDE97-9AFA-4D66-8BE5-34890C3C1461}.AppStore|iPhone.Deploy.0 = Release|x86
		{7B7CDE97-9AFA-4D66-8BE5-34890C3C1461}.AppStore|iPhoneSimulator.ActiveCfg = Release|x86
		{7B7CDE97-9AFA-4D66-8BE5-34890C3C1461}.AppStore|iPhoneSimulator.Build.0 = Release|x86
		{7B7CDE97-9AFA-4D66-8BE5-34890C3C1461}.AppStore|iPhoneSimulator.Deploy.0 = Release|x86
		{7B7CDE97-9AFA-4D66-8BE5-34890C3C1461}.AppStore|x64.ActiveCfg = Release|x64
		{7B7CDE97-9AFA-4D66-8BE5-34890C3C1461}.AppStore|x64.Build.0 = Release|x64
		{7B7CDE97-9AFA-4D66-8BE5-34890C3C1461}.AppStore|x64.Deploy.0 = Release|x64
		{7B7CDE97-9AFA-4D66-8BE5-34890C3C1461}.AppStore|x86.ActiveCfg = Release|x86
		{7B7CDE97-9AFA-4D66-8BE5-34890C3C1461}.AppStore|x86.Build.0 = Release|x86
		{7B7CDE97-9AFA-4D66-8BE5-34890C3C1461}.AppStore|x86.Deploy.0 = Release|x86
		{7B7CDE97-9AFA-4D66-8BE5-34890C3C1461}.Debug|Any CPU.ActiveCfg = Debug|x86
		{7B7CDE97-9AFA-4D66-8BE5-34890C3C1461}.Debug|ARM.ActiveCfg = Debug|ARM
		{7B7CDE97-9AFA-4D66-8BE5-34890C3C1461}.Debug|ARM.Build.0 = Debug|ARM
		{7B7CDE97-9AFA-4D66-8BE5-34890C3C1461}.Debug|ARM.Deploy.0 = Debug|ARM
		{7B7CDE97-9AFA-4D66-8BE5-34890C3C1461}.Debug|iPhone.ActiveCfg = Debug|x86
		{7B7CDE97-9AFA-4D66-8BE5-34890C3C1461}.Debug|iPhoneSimulator.ActiveCfg = Debug|x86
		{7B7CDE97-9AFA-4D66-8BE5-34890C3C1461}.Debug|x64.ActiveCfg = Debug|x64
		{7B7CDE97-9AFA-4D66-8BE5-34890C3C1461}.Debug|x64.Build.0 = Debug|x64
		{7B7CDE97-9AFA-4D66-8BE5-34890C3C1461}.Debug|x64.Deploy.0 = Debug|x64
		{7B7CDE97-9AFA-4D66-8BE5-34890C3C1461}.Debug|x86.ActiveCfg = Debug|x86
		{7B7CDE97-9AFA-4D66-8BE5-34890C3C1461}.Debug|x86.Build.0 = Debug|x86
		{7B7CDE97-9AFA-4D66-8BE5-34890C3C1461}.Debug|x86.Deploy.0 = Debug|x86
		{7B7CDE97-9AFA-4D66-8BE5-34890C3C1461}.Release|Any CPU.ActiveCfg = Release|x86
		{7B7CDE97-9AFA-4D66-8BE5-34890C3C1461}.Release|ARM.ActiveCfg = Release|ARM
		{7B7CDE97-9AFA-4D66-8BE5-34890C3C1461}.Release|ARM.Build.0 = Release|ARM
		{7B7CDE97-9AFA-4D66-8BE5-34890C3C1461}.Release|ARM.Deploy.0 = Release|ARM
		{7B7CDE97-9AFA-4D66-8BE5-34890C3C1461}.Release|iPhone.ActiveCfg = Release|x86
		{7B7CDE97-9AFA-4D66-8BE5-34890C3C1461}.Release|iPhoneSimulator.ActiveCfg = Release|x86
		{7B7CDE97-9AFA-4D66-8BE5-34890C3C1461}.Release|x64.ActiveCfg = Release|x64
		{7B7CDE97-9AFA-4D66-8BE5-34890C3C1461}.Release|x64.Build.0 = Release|x64
		{7B7CDE97-9AFA-4D66-8BE5-34890C3C1461}.Release|x64.Deploy.0 = Release|x64
		{7B7CDE97-9AFA-4D66-8BE5-34890C3C1461}.Release|x86.ActiveCfg = Release|x86
		{7B7CDE97-9AFA-4D66-8BE5-34890C3C1461}.Release|x86.Build.0 = Release|x86
		{7B7CDE97-9AFA-4D66-8BE5-34890C3C1461}.Release|x86.Deploy.0 = Release|x86
	EndGlobalSection
	GlobalSection(SolutionProperties) = preSolution
		HideSolutionNode = FALSE
	EndGlobalSection
	GlobalSection(ExtensibilityGlobals) = postSolution
		SolutionGuid = {BF86F8A4-12DB-4D33-AD4F-7120F7E10A1E}
	EndGlobalSection
EndGlobal
